
Microsoft Visual Studio Solution File, Format Version 12.00
# Visual Studio 15
VisualStudioVersion = 15.0.27130.2010
MinimumVisualStudioVersion = 10.0.40219.1
Project("{FAE04EC0-301F-11D3-BF4B-00C04F79EFBC}") = "ServerFanControlLib", "ServerFanControlLib\ServerFanControlLib.csproj", "{34CE807F-EBA2-4761-9FC1-F3EE07BB74E2}"
EndProject
Project("{FAE04EC0-301F-11D3-BF4B-00C04F79EFBC}") = "ServerFanControlConsole", "ServerFanControlConsole\ServerFanControlConsole.csproj", "{A2638EF1-1D6E-44AD-8DB6-8DD651CF7A8A}"
EndProject
Global
	GlobalSection(SolutionConfigurationPlatforms) = preSolution
		Debug|Any CPU = Debug|Any CPU
		Release|Any CPU = Release|Any CPU
	EndGlobalSection
	GlobalSection(ProjectConfigurationPlatforms) = postSolution
		{34CE807F-EBA2-4761-9FC1-F3EE07BB74E2}.Debug|Any CPU.ActiveCfg = Debug|Any CPU
		{34CE807F-EBA2-4761-9FC1-F3EE07BB74E2}.Debug|Any CPU.Build.0 = Debug|Any CPU
		{34CE807F-EBA2-4761-9FC1-F3EE07BB74E2}.Release|Any CPU.ActiveCfg = Release|Any CPU
		{34CE807F-EBA2-4761-9FC1-F3EE07BB74E2}.Release|Any CPU.Build.0 = Release|Any CPU
		{A2638EF1-1D6E-44AD-8DB6-8DD651CF7A8A}.Debug|Any CPU.ActiveCfg = Debug|Any CPU
		{A2638EF1-1D6E-44AD-8DB6-8DD651CF7A8A}.Debug|Any CPU.Build.0 = Debug|Any CPU
		{A2638EF1-1D6E-44AD-8DB6-8DD651CF7A8A}.Release|Any CPU.ActiveCfg = Release|Any CPU
		{A2638EF1-1D6E-44AD-8DB6-8DD651CF7A8A}.Release|Any CPU.Build.0 = Release|Any CPU
	EndGlobalSection
	GlobalSection(SolutionProperties) = preSolution
		HideSolutionNode = FALSE
	EndGlobalSection
	GlobalSection(ExtensibilityGlobals) = postSolution
		SolutionGuid = {75C1C3DE-91D9-430C-8618-2173359BC627}
	EndGlobalSection
EndGlobal
